
Microsoft Visual Studio Solution File, Format Version 12.00
# Visual Studio 15
VisualStudioVersion = 15.0.27428.2005
MinimumVisualStudioVersion = 10.0.40219.1
Project("{FAE04EC0-301F-11D3-BF4B-00C04F79EFBC}") = "DragonApp", "DragonApp\DragonApp.csproj", "{BF1DE449-2DFB-47DE-942D-8563D4C02A43}"
EndProject
Project("{2150E333-8FDC-42A3-9474-1A3956D46DE8}") = "Solution Items", "Solution Items", "{66C22EC9-EA25-4B47-8A74-7751B2FF29A3}"
	ProjectSection(SolutionItems) = preProject
		DragonApp\HttpRequester.cs = DragonApp\HttpRequester.cs
	EndProjectSection
EndProject
Global
	GlobalSection(SolutionConfigurationPlatforms) = preSolution
		Debug|Any CPU = Debug|Any CPU
		Release|Any CPU = Release|Any CPU
	EndGlobalSection
	GlobalSection(ProjectConfigurationPlatforms) = postSolution
		{BF1DE449-2DFB-47DE-942D-8563D4C02A43}.Debug|Any CPU.ActiveCfg = Debug|Any CPU
		{BF1DE449-2DFB-47DE-942D-8563D4C02A43}.Debug|Any CPU.Build.0 = Debug|Any CPU
		{BF1DE449-2DFB-47DE-942D-8563D4C02A43}.Release|Any CPU.ActiveCfg = Release|Any CPU
		{BF1DE449-2DFB-47DE-942D-8563D4C02A43}.Release|Any CPU.Build.0 = Release|Any CPU
	EndGlobalSection
	GlobalSection(SolutionProperties) = preSolution
		HideSolutionNode = FALSE
	EndGlobalSection
	GlobalSection(ExtensibilityGlobals) = postSolution
		SolutionGuid = {7AD340EB-AB44-4744-B7C9-4972FC71D148}
	EndGlobalSection
EndGlobal
