
Microsoft Visual Studio Solution File, Format Version 12.00
# Visual Studio 15
VisualStudioVersion = 15.0.27428.2005
MinimumVisualStudioVersion = 10.0.40219.1
Project("{FAE04EC0-301F-11D3-BF4B-00C04F79EFBC}") = "WpfApp3", "WpfApp3\WpfApp3.csproj", "{2B6EE9F1-6273-4A89-8C71-55DF8131476D}"
EndProject
Global
	GlobalSection(SolutionConfigurationPlatforms) = preSolution
		Debug|Any CPU = Debug|Any CPU
		Release|Any CPU = Release|Any CPU
	EndGlobalSection
	GlobalSection(ProjectConfigurationPlatforms) = postSolution
		{2B6EE9F1-6273-4A89-8C71-55DF8131476D}.Debug|Any CPU.ActiveCfg = Debug|Any CPU
		{2B6EE9F1-6273-4A89-8C71-55DF8131476D}.Debug|Any CPU.Build.0 = Debug|Any CPU
		{2B6EE9F1-6273-4A89-8C71-55DF8131476D}.Release|Any CPU.ActiveCfg = Release|Any CPU
		{2B6EE9F1-6273-4A89-8C71-55DF8131476D}.Release|Any CPU.Build.0 = Release|Any CPU
	EndGlobalSection
	GlobalSection(SolutionProperties) = preSolution
		HideSolutionNode = FALSE
	EndGlobalSection
	GlobalSection(ExtensibilityGlobals) = postSolution
		SolutionGuid = {52C72D9C-0B80-4275-BF0A-22304544607D}
	EndGlobalSection
EndGlobal
