
Microsoft Visual Studio Solution File, Format Version 12.00
# Visual Studio 15
VisualStudioVersion = 15.0.28010.2036
MinimumVisualStudioVersion = 10.0.40219.1
Project("{FAE04EC0-301F-11D3-BF4B-00C04F79EFBC}") = "Connect_DB_WPF", "Connect_DB_WPF\Connect_DB_WPF.csproj", "{9CDC6234-B4DF-4641-A5D8-C4BE1DC194ED}"
EndProject
Global
	GlobalSection(SolutionConfigurationPlatforms) = preSolution
		Debug|Any CPU = Debug|Any CPU
		Release|Any CPU = Release|Any CPU
	EndGlobalSection
	GlobalSection(ProjectConfigurationPlatforms) = postSolution
		{9CDC6234-B4DF-4641-A5D8-C4BE1DC194ED}.Debug|Any CPU.ActiveCfg = Debug|Any CPU
		{9CDC6234-B4DF-4641-A5D8-C4BE1DC194ED}.Debug|Any CPU.Build.0 = Debug|Any CPU
		{9CDC6234-B4DF-4641-A5D8-C4BE1DC194ED}.Release|Any CPU.ActiveCfg = Release|Any CPU
		{9CDC6234-B4DF-4641-A5D8-C4BE1DC194ED}.Release|Any CPU.Build.0 = Release|Any CPU
	EndGlobalSection
	GlobalSection(SolutionProperties) = preSolution
		HideSolutionNode = FALSE
	EndGlobalSection
	GlobalSection(ExtensibilityGlobals) = postSolution
		SolutionGuid = {2E29C0A9-E0FA-4B5E-BD70-279357690029}
	EndGlobalSection
EndGlobal
