
Microsoft Visual Studio Solution File, Format Version 12.00
# Visual Studio 15
VisualStudioVersion = 15.0.27428.2005
MinimumVisualStudioVersion = 10.0.40219.1
Project("{FAE04EC0-301F-11D3-BF4B-00C04F79EFBC}") = "WpfApp5", "WpfApp5\WpfApp5.csproj", "{EE85ED3D-7119-4210-812B-EA57C8723297}"
EndProject
Global
	GlobalSection(SolutionConfigurationPlatforms) = preSolution
		Debug|Any CPU = Debug|Any CPU
		Release|Any CPU = Release|Any CPU
	EndGlobalSection
	GlobalSection(ProjectConfigurationPlatforms) = postSolution
		{EE85ED3D-7119-4210-812B-EA57C8723297}.Debug|Any CPU.ActiveCfg = Debug|Any CPU
		{EE85ED3D-7119-4210-812B-EA57C8723297}.Debug|Any CPU.Build.0 = Debug|Any CPU
		{EE85ED3D-7119-4210-812B-EA57C8723297}.Release|Any CPU.ActiveCfg = Release|Any CPU
		{EE85ED3D-7119-4210-812B-EA57C8723297}.Release|Any CPU.Build.0 = Release|Any CPU
	EndGlobalSection
	GlobalSection(SolutionProperties) = preSolution
		HideSolutionNode = FALSE
	EndGlobalSection
	GlobalSection(ExtensibilityGlobals) = postSolution
		SolutionGuid = {95AE0A39-4E52-47C0-9CCA-EC83B6312C4A}
	EndGlobalSection
EndGlobal
